
Microsoft Visual Studio Solution File, Format Version 12.00
# Visual Studio Version 17
VisualStudioVersion = 17.10.35122.118
MinimumVisualStudioVersion = 10.0.40219.1
Project("{9A19103F-16F7-4668-BE54-9A1E7A4F7556}") = "DiscordBot.Application", "DiscordBot.Application\DiscordBot.Application.csproj", "{7F42D48E-C633-445D-B2EA-AE4C01F442F9}"
EndProject
Project("{9A19103F-16F7-4668-BE54-9A1E7A4F7556}") = "DiscordBot.Domain", "DiscordBot.Domain\DiscordBot.Domain.csproj", "{53450A8E-C38C-45E4-B4C0-4AD66978F781}"
EndProject
Project("{9A19103F-16F7-4668-BE54-9A1E7A4F7556}") = "DiscordBot.Infrastructure", "DiscordBot.Infrastructure\DiscordBot.Infrastructure.csproj", "{8D85A1AE-0B8F-4CFF-BC20-C205B20B33A8}"
EndProject
Project("{9A19103F-16F7-4668-BE54-9A1E7A4F7556}") = "DiscordBot.Web", "DiscordBot.Web\DiscordBot.Web.csproj", "{CFB2E91D-CDD5-4589-BE1D-F8B2FB648403}"
EndProject
Project("{2150E333-8FDC-42A3-9474-1A3956D46DE8}") = "Solution Items", "Solution Items", "{491A991B-AC95-4C0D-B00D-FED90D1DA381}"
	ProjectSection(SolutionItems) = preProject
		.dockerignore = .dockerignore
		.env = .env
		.gitignore = .gitignore
		README.md = README.md
	EndProjectSection
EndProject
Project("{E53339B2-1760-4266-BCC7-CA923CBCF16C}") = "docker-compose", "docker-compose.dcproj", "{BFB8D7F9-093D-496E-8946-DC10B71B4F12}"
EndProject
Project("{E53339B2-1760-4266-BCC7-CA923CBCF16C}") = "docker-compose-mac", "docker-compose-mac.dcproj", "{2221AB70-7D62-415E-8318-04DDAF4C7B8B}"
EndProject
Global
	GlobalSection(SolutionConfigurationPlatforms) = preSolution
		Debug|Any CPU = Debug|Any CPU
		Release|Any CPU = Release|Any CPU
	EndGlobalSection
	GlobalSection(ProjectConfigurationPlatforms) = postSolution
		{7F42D48E-C633-445D-B2EA-AE4C01F442F9}.Debug|Any CPU.ActiveCfg = Debug|Any CPU
		{7F42D48E-C633-445D-B2EA-AE4C01F442F9}.Debug|Any CPU.Build.0 = Debug|Any CPU
		{7F42D48E-C633-445D-B2EA-AE4C01F442F9}.Release|Any CPU.ActiveCfg = Release|Any CPU
		{7F42D48E-C633-445D-B2EA-AE4C01F442F9}.Release|Any CPU.Build.0 = Release|Any CPU
		{53450A8E-C38C-45E4-B4C0-4AD66978F781}.Debug|Any CPU.ActiveCfg = Debug|Any CPU
		{53450A8E-C38C-45E4-B4C0-4AD66978F781}.Debug|Any CPU.Build.0 = Debug|Any CPU
		{53450A8E-C38C-45E4-B4C0-4AD66978F781}.Release|Any CPU.ActiveCfg = Release|Any CPU
		{53450A8E-C38C-45E4-B4C0-4AD66978F781}.Release|Any CPU.Build.0 = Release|Any CPU
		{8D85A1AE-0B8F-4CFF-BC20-C205B20B33A8}.Debug|Any CPU.ActiveCfg = Debug|Any CPU
		{8D85A1AE-0B8F-4CFF-BC20-C205B20B33A8}.Debug|Any CPU.Build.0 = Debug|Any CPU
		{8D85A1AE-0B8F-4CFF-BC20-C205B20B33A8}.Release|Any CPU.ActiveCfg = Release|Any CPU
		{8D85A1AE-0B8F-4CFF-BC20-C205B20B33A8}.Release|Any CPU.Build.0 = Release|Any CPU
		{CFB2E91D-CDD5-4589-BE1D-F8B2FB648403}.Debug|Any CPU.ActiveCfg = Debug|Any CPU
		{CFB2E91D-CDD5-4589-BE1D-F8B2FB648403}.Debug|Any CPU.Build.0 = Debug|Any CPU
		{CFB2E91D-CDD5-4589-BE1D-F8B2FB648403}.Release|Any CPU.ActiveCfg = Release|Any CPU
		{CFB2E91D-CDD5-4589-BE1D-F8B2FB648403}.Release|Any CPU.Build.0 = Release|Any CPU
		{BFB8D7F9-093D-496E-8946-DC10B71B4F12}.Debug|Any CPU.ActiveCfg = Debug|Any CPU
		{BFB8D7F9-093D-496E-8946-DC10B71B4F12}.Debug|Any CPU.Build.0 = Debug|Any CPU
		{BFB8D7F9-093D-496E-8946-DC10B71B4F12}.Release|Any CPU.ActiveCfg = Release|Any CPU
		{BFB8D7F9-093D-496E-8946-DC10B71B4F12}.Release|Any CPU.Build.0 = Release|Any CPU
		{2221AB70-7D62-415E-8318-04DDAF4C7B8B}.Debug|Any CPU.ActiveCfg = Debug|Any CPU
		{2221AB70-7D62-415E-8318-04DDAF4C7B8B}.Debug|Any CPU.Build.0 = Debug|Any CPU
		{2221AB70-7D62-415E-8318-04DDAF4C7B8B}.Release|Any CPU.ActiveCfg = Release|Any CPU
		{2221AB70-7D62-415E-8318-04DDAF4C7B8B}.Release|Any CPU.Build.0 = Release|Any CPU
	EndGlobalSection
	GlobalSection(SolutionProperties) = preSolution
		HideSolutionNode = FALSE
	EndGlobalSection
	GlobalSection(ExtensibilityGlobals) = postSolution
		SolutionGuid = {8C3E94E8-1331-4F43-9DEA-03A398255D74}
	EndGlobalSection
EndGlobal
